
Microsoft Visual Studio Solution File, Format Version 12.00
# Visual Studio 15
VisualStudioVersion = 15.0.28307.271
MinimumVisualStudioVersion = 10.0.40219.1
Project("{9A19103F-16F7-4668-BE54-9A1E7A4F7556}") = "SamsungCardAuth.Console", "SamsungCardAuth.Console\SamsungCardAuth.Console.csproj", "{43607525-D45C-49FB-B1F8-55741C6BBF25}"
EndProject
Project("{FAE04EC0-301F-11D3-BF4B-00C04F79EFBC}") = "SamsungCardAuth", "SamsungCardAuth\SamsungCardAuth.csproj", "{03E523AC-F4EF-4E2D-A620-4FE89AF28EA4}"
EndProject
Project("{FAE04EC0-301F-11D3-BF4B-00C04F79EFBC}") = "SamsungCardAuth.Windows", "SamsungCardAuth.Windows\SamsungCardAuth.Windows.csproj", "{F69356F2-440C-4505-A590-5587B0882399}"
EndProject
Global
	GlobalSection(SolutionConfigurationPlatforms) = preSolution
		Debug|Any CPU = Debug|Any CPU
		Release|Any CPU = Release|Any CPU
	EndGlobalSection
	GlobalSection(ProjectConfigurationPlatforms) = postSolution
		{43607525-D45C-49FB-B1F8-55741C6BBF25}.Debug|Any CPU.ActiveCfg = Debug|Any CPU
		{43607525-D45C-49FB-B1F8-55741C6BBF25}.Debug|Any CPU.Build.0 = Debug|Any CPU
		{43607525-D45C-49FB-B1F8-55741C6BBF25}.Release|Any CPU.ActiveCfg = Release|Any CPU
		{43607525-D45C-49FB-B1F8-55741C6BBF25}.Release|Any CPU.Build.0 = Release|Any CPU
		{03E523AC-F4EF-4E2D-A620-4FE89AF28EA4}.Debug|Any CPU.ActiveCfg = Debug|Any CPU
		{03E523AC-F4EF-4E2D-A620-4FE89AF28EA4}.Debug|Any CPU.Build.0 = Debug|Any CPU
		{03E523AC-F4EF-4E2D-A620-4FE89AF28EA4}.Release|Any CPU.ActiveCfg = Release|Any CPU
		{03E523AC-F4EF-4E2D-A620-4FE89AF28EA4}.Release|Any CPU.Build.0 = Release|Any CPU
		{F69356F2-440C-4505-A590-5587B0882399}.Debug|Any CPU.ActiveCfg = Debug|Any CPU
		{F69356F2-440C-4505-A590-5587B0882399}.Debug|Any CPU.Build.0 = Debug|Any CPU
		{F69356F2-440C-4505-A590-5587B0882399}.Release|Any CPU.ActiveCfg = Release|Any CPU
		{F69356F2-440C-4505-A590-5587B0882399}.Release|Any CPU.Build.0 = Release|Any CPU
	EndGlobalSection
	GlobalSection(SolutionProperties) = preSolution
		HideSolutionNode = FALSE
	EndGlobalSection
	GlobalSection(ExtensibilityGlobals) = postSolution
		SolutionGuid = {6CC2D744-BB15-4045-A5E9-4CF99567BCB9}
	EndGlobalSection
EndGlobal
